
Microsoft Visual Studio Solution File, Format Version 12.00
# Visual Studio 14
VisualStudioVersion = 14.0.23107.0
MinimumVisualStudioVersion = 10.0.40219.1
Project("{FAE04EC0-301F-11D3-BF4B-00C04F79EFBC}") = "FeedPing", "DataFeedExamples\FeedPing.csproj", "{088ADE6B-CE03-4804-B37A-DDDA86D05048}"
EndProject
Project("{FAE04EC0-301F-11D3-BF4B-00C04F79EFBC}") = "QuotesDownloader", "QuotesDownloader\QuotesDownloader.csproj", "{0486509B-FE6E-411B-919D-76BB270BC613}"
EndProject
Project("{FAE04EC0-301F-11D3-BF4B-00C04F79EFBC}") = "QuotesExporter", "QuotesExporter\QuotesExporter.csproj", "{66D3223D-A5C7-476B-A55E-531F35CB3B49}"
EndProject
Project("{FAE04EC0-301F-11D3-BF4B-00C04F79EFBC}") = "RealTimeLevel2", "RealTimeLevel2\RealTimeLevel2.csproj", "{1BDCB9E5-646D-4D6B-93FD-9F15DBA8BCD9}"
EndProject
Global
	GlobalSection(SolutionConfigurationPlatforms) = preSolution
		Debug|Any CPU = Debug|Any CPU
		Release|Any CPU = Release|Any CPU
	EndGlobalSection
	GlobalSection(ProjectConfigurationPlatforms) = postSolution
		{088ADE6B-CE03-4804-B37A-DDDA86D05048}.Debug|Any CPU.ActiveCfg = Debug|x86
		{088ADE6B-CE03-4804-B37A-DDDA86D05048}.Debug|Any CPU.Build.0 = Debug|x86
		{088ADE6B-CE03-4804-B37A-DDDA86D05048}.Release|Any CPU.ActiveCfg = Release|Any CPU
		{088ADE6B-CE03-4804-B37A-DDDA86D05048}.Release|Any CPU.Build.0 = Release|Any CPU
		{0486509B-FE6E-411B-919D-76BB270BC613}.Debug|Any CPU.ActiveCfg = Debug|Any CPU
		{0486509B-FE6E-411B-919D-76BB270BC613}.Debug|Any CPU.Build.0 = Debug|Any CPU
		{0486509B-FE6E-411B-919D-76BB270BC613}.Release|Any CPU.ActiveCfg = Release|Any CPU
		{0486509B-FE6E-411B-919D-76BB270BC613}.Release|Any CPU.Build.0 = Release|Any CPU
		{66D3223D-A5C7-476B-A55E-531F35CB3B49}.Debug|Any CPU.ActiveCfg = Debug|Any CPU
		{66D3223D-A5C7-476B-A55E-531F35CB3B49}.Debug|Any CPU.Build.0 = Debug|Any CPU
		{66D3223D-A5C7-476B-A55E-531F35CB3B49}.Release|Any CPU.ActiveCfg = Release|Any CPU
		{66D3223D-A5C7-476B-A55E-531F35CB3B49}.Release|Any CPU.Build.0 = Release|Any CPU
		{1BDCB9E5-646D-4D6B-93FD-9F15DBA8BCD9}.Debug|Any CPU.ActiveCfg = Debug|Any CPU
		{1BDCB9E5-646D-4D6B-93FD-9F15DBA8BCD9}.Debug|Any CPU.Build.0 = Debug|Any CPU
		{1BDCB9E5-646D-4D6B-93FD-9F15DBA8BCD9}.Release|Any CPU.ActiveCfg = Release|Any CPU
		{1BDCB9E5-646D-4D6B-93FD-9F15DBA8BCD9}.Release|Any CPU.Build.0 = Release|Any CPU
	EndGlobalSection
	GlobalSection(SolutionProperties) = preSolution
		HideSolutionNode = FALSE
	EndGlobalSection
EndGlobal
